// !$*UTF8*$!
{
	archiveVersion = 1;
	classes = {
	};
	objectVersion = 55;
	objects = {

/* Begin PBXBuildFile section */
		D320BE5427FD4ABF00234A73 /* CustomTableViewCell.swift in Sources */ = {isa = PBXBuildFile; fileRef = D320BE5327FD4ABF00234A73 /* CustomTableViewCell.swift */; };
		D32A865227EF0FAB00003953 /* AppDelegate.swift in Sources */ = {isa = PBXBuildFile; fileRef = D32A865127EF0FAB00003953 /* AppDelegate.swift */; };
		D32A865427EF0FAB00003953 /* SceneDelegate.swift in Sources */ = {isa = PBXBuildFile; fileRef = D32A865327EF0FAB00003953 /* SceneDelegate.swift */; };
		D32A865627EF0FAB00003953 /* MainViewController.swift in Sources */ = {isa = PBXBuildFile; fileRef = D32A865527EF0FAB00003953 /* MainViewController.swift */; };
		D32A865927EF0FAB00003953 /* Main.storyboard in Resources */ = {isa = PBXBuildFile; fileRef = D32A865727EF0FAB00003953 /* Main.storyboard */; };
		D32A865B27EF0FAC00003953 /* Assets.xcassets in Resources */ = {isa = PBXBuildFile; fileRef = D32A865A27EF0FAC00003953 /* Assets.xcassets */; };
		D32A865E27EF0FAC00003953 /* LaunchScreen.storyboard in Resources */ = {isa = PBXBuildFile; fileRef = D32A865C27EF0FAC00003953 /* LaunchScreen.storyboard */; };
		D33D1F5527FAB4A30009995F /* BasicTableViewController.swift in Sources */ = {isa = PBXBuildFile; fileRef = D33D1F5427FAB4A30009995F /* BasicTableViewController.swift */; };
		D39F480027FC2911005648AA /* Basic2TableViewController.swift in Sources */ = {isa = PBXBuildFile; fileRef = D39F47FF27FC2911005648AA /* Basic2TableViewController.swift */; };
		D39F480227FC30D1005648AA /* CustomTableViewController.swift in Sources */ = {isa = PBXBuildFile; fileRef = D39F480127FC30D1005648AA /* CustomTableViewController.swift */; };
		D3C754D027F32DB20083D61D /* lockScreen.JPG in Resources */ = {isa = PBXBuildFile; fileRef = D3C754CF27F32DB20083D61D /* lockScreen.JPG */; };
		D3DB4B142800039600C3598E /* SettingTableViewController.swift in Sources */ = {isa = PBXBuildFile; fileRef = D3DB4B132800039600C3598E /* SettingTableViewController.swift */; };
		D3DB4B182803EAAD00C3598E /* InfoTableViewController.swift in Sources */ = {isa = PBXBuildFile; fileRef = D3DB4B172803EAAD00C3598E /* InfoTableViewController.swift */; };
		D3DB4B1A2803FA3E00C3598E /* UIComponentsTableViewController.swift in Sources */ = {isa = PBXBuildFile; fileRef = D3DB4B192803FA3E00C3598E /* UIComponentsTableViewController.swift */; };
		D3DB4B1C2803FB2600C3598E /* SampleLabelViewController.swift in Sources */ = {isa = PBXBuildFile; fileRef = D3DB4B1B2803FB2600C3598E /* SampleLabelViewController.swift */; };
		D3DB4B1E280405AD00C3598E /* InfoTableViewCell.swift in Sources */ = {isa = PBXBuildFile; fileRef = D3DB4B1D280405AD00C3598E /* InfoTableViewCell.swift */; };
		D3DB4B20280406A100C3598E /* SettingTableViewCell.swift in Sources */ = {isa = PBXBuildFile; fileRef = D3DB4B1F280406A100C3598E /* SettingTableViewCell.swift */; };
		D3F6F21D27FAE0B9008B338F /* ViewSamplesViewController.swift in Sources */ = {isa = PBXBuildFile; fileRef = D3F6F21C27FAE0B9008B338F /* ViewSamplesViewController.swift */; };
		D3F6F21F27FAE2FE008B338F /* ViewWithDataViewController.swift in Sources */ = {isa = PBXBuildFile; fileRef = D3F6F21E27FAE2FE008B338F /* ViewWithDataViewController.swift */; };
/* End PBXBuildFile section */

/* Begin PBXFileReference section */
		D320BE5327FD4ABF00234A73 /* CustomTableViewCell.swift */ = {isa = PBXFileReference; lastKnownFileType = sourcecode.swift; path = CustomTableViewCell.swift; sourceTree = "<group>"; };
		D32A864E27EF0FAB00003953 /* SampleCollection.app */ = {isa = PBXFileReference; explicitFileType = wrapper.application; includeInIndex = 0; path = SampleCollection.app; sourceTree = BUILT_PRODUCTS_DIR; };
		D32A865127EF0FAB00003953 /* AppDelegate.swift */ = {isa = PBXFileReference; lastKnownFileType = sourcecode.swift; path = AppDelegate.swift; sourceTree = "<group>"; };
		D32A865327EF0FAB00003953 /* SceneDelegate.swift */ = {isa = PBXFileReference; lastKnownFileType = sourcecode.swift; path = SceneDelegate.swift; sourceTree = "<group>"; };
		D32A865527EF0FAB00003953 /* MainViewController.swift */ = {isa = PBXFileReference; lastKnownFileType = sourcecode.swift; path = MainViewController.swift; sourceTree = "<group>"; };
		D32A865827EF0FAB00003953 /* Base */ = {isa = PBXFileReference; lastKnownFileType = file.storyboard; name = Base; path = Base.lproj/Main.storyboard; sourceTree = "<group>"; };
		D32A865A27EF0FAC00003953 /* Assets.xcassets */ = {isa = PBXFileReference; lastKnownFileType = folder.assetcatalog; path = Assets.xcassets; sourceTree = "<group>"; };
		D32A865D27EF0FAC00003953 /* Base */ = {isa = PBXFileReference; lastKnownFileType = file.storyboard; name = Base; path = Base.lproj/LaunchScreen.storyboard; sourceTree = "<group>"; };
		D32A865F27EF0FAC00003953 /* Info.plist */ = {isa = PBXFileReference; lastKnownFileType = text.plist.xml; path = Info.plist; sourceTree = "<group>"; };
		D33D1F5427FAB4A30009995F /* BasicTableViewController.swift */ = {isa = PBXFileReference; lastKnownFileType = sourcecode.swift; path = BasicTableViewController.swift; sourceTree = "<group>"; };
		D39F47FF27FC2911005648AA /* Basic2TableViewController.swift */ = {isa = PBXFileReference; lastKnownFileType = sourcecode.swift; path = Basic2TableViewController.swift; sourceTree = "<group>"; };
		D39F480127FC30D1005648AA /* CustomTableViewController.swift */ = {isa = PBXFileReference; lastKnownFileType = sourcecode.swift; path = CustomTableViewController.swift; sourceTree = "<group>"; };
		D3C754CF27F32DB20083D61D /* lockScreen.JPG */ = {isa = PBXFileReference; lastKnownFileType = image.jpeg; path = lockScreen.JPG; sourceTree = "<group>"; };
		D3DB4B132800039600C3598E /* SettingTableViewController.swift */ = {isa = PBXFileReference; lastKnownFileType = sourcecode.swift; path = SettingTableViewController.swift; sourceTree = "<group>"; };
		D3DB4B172803EAAD00C3598E /* InfoTableViewController.swift */ = {isa = PBXFileReference; lastKnownFileType = sourcecode.swift; path = InfoTableViewController.swift; sourceTree = "<group>"; };
		D3DB4B192803FA3E00C3598E /* UIComponentsTableViewController.swift */ = {isa = PBXFileReference; lastKnownFileType = sourcecode.swift; path = UIComponentsTableViewController.swift; sourceTree = "<group>"; };
		D3DB4B1B2803FB2600C3598E /* SampleLabelViewController.swift */ = {isa = PBXFileReference; lastKnownFileType = sourcecode.swift; path = SampleLabelViewController.swift; sourceTree = "<group>"; };
		D3DB4B1D280405AD00C3598E /* InfoTableViewCell.swift */ = {isa = PBXFileReference; lastKnownFileType = sourcecode.swift; path = InfoTableViewCell.swift; sourceTree = "<group>"; };
		D3DB4B1F280406A100C3598E /* SettingTableViewCell.swift */ = {isa = PBXFileReference; lastKnownFileType = sourcecode.swift; path = SettingTableViewCell.swift; sourceTree = "<group>"; };
		D3F6F21C27FAE0B9008B338F /* ViewSamplesViewController.swift */ = {isa = PBXFileReference; lastKnownFileType = sourcecode.swift; name = ViewSamplesViewController.swift; path = SampleCollection/NavigationController/ViewSamples/ViewSamplesViewController.swift; sourceTree = SOURCE_ROOT; };
		D3F6F21E27FAE2FE008B338F /* ViewWithDataViewController.swift */ = {isa = PBXFileReference; lastKnownFileType = sourcecode.swift; name = ViewWithDataViewController.swift; path = SampleCollection/NavigationController/ViewWithData/ViewWithDataViewController.swift; sourceTree = SOURCE_ROOT; };
/* End PBXFileReference section */

/* Begin PBXFrameworksBuildPhase section */
		D32A864B27EF0FAB00003953 /* Frameworks */ = {
			isa = PBXFrameworksBuildPhase;
			buildActionMask = 2147483647;
			files = (
			);
			runOnlyForDeploymentPostprocessing = 0;
		};
/* End PBXFrameworksBuildPhase section */

/* Begin PBXGroup section */
		D32A864527EF0FAB00003953 = {
			isa = PBXGroup;
			children = (
				D32A865027EF0FAB00003953 /* SampleCollection */,
				D32A864F27EF0FAB00003953 /* Products */,
			);
			sourceTree = "<group>";
		};
		D32A864F27EF0FAB00003953 /* Products */ = {
			isa = PBXGroup;
			children = (
				D32A864E27EF0FAB00003953 /* SampleCollection.app */,
			);
			name = Products;
			sourceTree = "<group>";
		};
		D32A865027EF0FAB00003953 /* SampleCollection */ = {
			isa = PBXGroup;
			children = (
				D39F47FB27FC246B005648AA /* NavigationController */,
				D3C754CD27F32D670083D61D /* Resources */,
				D32A865127EF0FAB00003953 /* AppDelegate.swift */,
				D32A865327EF0FAB00003953 /* SceneDelegate.swift */,
				D32A865527EF0FAB00003953 /* MainViewController.swift */,
				D32A865727EF0FAB00003953 /* Main.storyboard */,
				D32A865A27EF0FAC00003953 /* Assets.xcassets */,
				D32A865C27EF0FAC00003953 /* LaunchScreen.storyboard */,
				D32A865F27EF0FAC00003953 /* Info.plist */,
			);
			name = SampleCollection;
			path = /Users/miyolee/XcodeProjects/SampleCollection/SampleCollection;
			sourceTree = "<absolute>";
		};
		D39F47FB27FC246B005648AA /* NavigationController */ = {
			isa = PBXGroup;
			children = (
				D39F47FE27FC24D6005648AA /* ViewWithData */,
				D39F47FD27FC24C9005648AA /* ViewSamples */,
				D39F47FC27FC24AA005648AA /* UIComponents */,
			);
			path = NavigationController;
			sourceTree = "<group>";
		};
		D39F47FC27FC24AA005648AA /* UIComponents */ = {
			isa = PBXGroup;
			children = (
				D3DB4B192803FA3E00C3598E /* UIComponentsTableViewController.swift */,
				D3DB4B1B2803FB2600C3598E /* SampleLabelViewController.swift */,
			);
			path = UIComponents;
			sourceTree = "<group>";
		};
		D39F47FD27FC24C9005648AA /* ViewSamples */ = {
			isa = PBXGroup;
			children = (
				D3F6F21C27FAE0B9008B338F /* ViewSamplesViewController.swift */,
			);
			path = ViewSamples;
			sourceTree = "<group>";
		};
		D39F47FE27FC24D6005648AA /* ViewWithData */ = {
			isa = PBXGroup;
			children = (
				D3F6F21E27FAE2FE008B338F /* ViewWithDataViewController.swift */,
				D33D1F5427FAB4A30009995F /* BasicTableViewController.swift */,
				D39F47FF27FC2911005648AA /* Basic2TableViewController.swift */,
				D39F480127FC30D1005648AA /* CustomTableViewController.swift */,
				D320BE5327FD4ABF00234A73 /* CustomTableViewCell.swift */,
				D3DB4B132800039600C3598E /* SettingTableViewController.swift */,
				D3DB4B172803EAAD00C3598E /* InfoTableViewController.swift */,
				D3DB4B1D280405AD00C3598E /* InfoTableViewCell.swift */,
				D3DB4B1F280406A100C3598E /* SettingTableViewCell.swift */,
			);
			path = ViewWithData;
			sourceTree = "<group>";
		};
		D3C754CD27F32D670083D61D /* Resources */ = {
			isa = PBXGroup;
			children = (
				D3C754CE27F32D720083D61D /* image */,
			);
			path = Resources;
			sourceTree = "<group>";
		};
		D3C754CE27F32D720083D61D /* image */ = {
			isa = PBXGroup;
			children = (
				D3C754CF27F32DB20083D61D /* lockScreen.JPG */,
			);
			path = image;
			sourceTree = "<group>";
		};
/* End PBXGroup section */

/* Begin PBXNativeTarget section */
		D32A864D27EF0FAB00003953 /* SampleCollection */ = {
			isa = PBXNativeTarget;
			buildConfigurationList = D32A866227EF0FAC00003953 /* Build configuration list for PBXNativeTarget "SampleCollection" */;
			buildPhases = (
				D32A864A27EF0FAB00003953 /* Sources */,
				D32A864B27EF0FAB00003953 /* Frameworks */,
				D32A864C27EF0FAB00003953 /* Resources */,
			);
			buildRules = (
			);
			dependencies = (
			);
			name = SampleCollection;
			productName = AutoLayout_ex1;
			productReference = D32A864E27EF0FAB00003953 /* SampleCollection.app */;
			productType = "com.apple.product-type.application";
		};
/* End PBXNativeTarget section */

/* Begin PBXProject section */
		D32A864627EF0FAB00003953 /* Project object */ = {
			isa = PBXProject;
			attributes = {
				BuildIndependentTargetsInParallel = 1;
				LastSwiftUpdateCheck = 1320;
				LastUpgradeCheck = 1320;
				TargetAttributes = {
					D32A864D27EF0FAB00003953 = {
						CreatedOnToolsVersion = 13.2.1;
					};
				};
			};
			buildConfigurationList = D32A864927EF0FAB00003953 /* Build configuration list for PBXProject "SampleCollection" */;
			compatibilityVersion = "Xcode 13.0";
			developmentRegion = en;
			hasScannedForEncodings = 0;
			knownRegions = (
				en,
				Base,
			);
			mainGroup = D32A864527EF0FAB00003953;
			productRefGroup = D32A864F27EF0FAB00003953 /* Products */;
			projectDirPath = "";
			projectRoot = "";
			targets = (
				D32A864D27EF0FAB00003953 /* SampleCollection */,
			);
		};
/* End PBXProject section */

/* Begin PBXResourcesBuildPhase section */
		D32A864C27EF0FAB00003953 /* Resources */ = {
			isa = PBXResourcesBuildPhase;
			buildActionMask = 2147483647;
			files = (
				D32A865E27EF0FAC00003953 /* LaunchScreen.storyboard in Resources */,
				D3C754D027F32DB20083D61D /* lockScreen.JPG in Resources */,
				D32A865B27EF0FAC00003953 /* Assets.xcassets in Resources */,
				D32A865927EF0FAB00003953 /* Main.storyboard in Resources */,
			);
			runOnlyForDeploymentPostprocessing = 0;
		};
/* End PBXResourcesBuildPhase section */

/* Begin PBXSourcesBuildPhase section */
		D32A864A27EF0FAB00003953 /* Sources */ = {
			isa = PBXSourcesBuildPhase;
			buildActionMask = 2147483647;
			files = (
				D320BE5427FD4ABF00234A73 /* CustomTableViewCell.swift in Sources */,
				D32A865627EF0FAB00003953 /* MainViewController.swift in Sources */,
				D3F6F21D27FAE0B9008B338F /* ViewSamplesViewController.swift in Sources */,
				D32A865227EF0FAB00003953 /* AppDelegate.swift in Sources */,
				D3DB4B142800039600C3598E /* SettingTableViewController.swift in Sources */,
				D39F480027FC2911005648AA /* Basic2TableViewController.swift in Sources */,
				D3DB4B20280406A100C3598E /* SettingTableViewCell.swift in Sources */,
				D32A865427EF0FAB00003953 /* SceneDelegate.swift in Sources */,
				D3DB4B1A2803FA3E00C3598E /* UIComponentsTableViewController.swift in Sources */,
				D3F6F21F27FAE2FE008B338F /* ViewWithDataViewController.swift in Sources */,
				D3DB4B182803EAAD00C3598E /* InfoTableViewController.swift in Sources */,
				D33D1F5527FAB4A30009995F /* BasicTableViewController.swift in Sources */,
				D3DB4B1E280405AD00C3598E /* InfoTableViewCell.swift in Sources */,
				D39F480227FC30D1005648AA /* CustomTableViewController.swift in Sources */,
				D3DB4B1C2803FB2600C3598E /* SampleLabelViewController.swift in Sources */,
			);
			runOnlyForDeploymentPostprocessing = 0;
		};
/* End PBXSourcesBuildPhase section */

/* Begin PBXVariantGroup section */
		D32A865727EF0FAB00003953 /* Main.storyboard */ = {
			isa = PBXVariantGroup;
			children = (
				D32A865827EF0FAB00003953 /* Base */,
			);
			name = Main.storyboard;
			sourceTree = "<group>";
		};
		D32A865C27EF0FAC00003953 /* LaunchScreen.storyboard */ = {
			isa = PBXVariantGroup;
			children = (
				D32A865D27EF0FAC00003953 /* Base */,
			);
			name = LaunchScreen.storyboard;
			sourceTree = "<group>";
		};
/* End PBXVariantGroup section */

/* Begin XCBuildConfiguration section */
		D32A866027EF0FAC00003953 /* Debug */ = {
			isa = XCBuildConfiguration;
			buildSettings = {
				ALWAYS_SEARCH_USER_PATHS = NO;
				CLANG_ANALYZER_NONNULL = YES;
				CLANG_ANALYZER_NUMBER_OBJECT_CONVERSION = YES_AGGRESSIVE;
				CLANG_CXX_LANGUAGE_STANDARD = "gnu++17";
				CLANG_CXX_LIBRARY = "libc++";
				CLANG_ENABLE_MODULES = YES;
				CLANG_ENABLE_OBJC_ARC = YES;
				CLANG_ENABLE_OBJC_WEAK = YES;
				CLANG_WARN_BLOCK_CAPTURE_AUTORELEASING = YES;
				CLANG_WARN_BOOL_CONVERSION = YES;
				CLANG_WARN_COMMA = YES;
				CLANG_WARN_CONSTANT_CONVERSION = YES;
				CLANG_WARN_DEPRECATED_OBJC_IMPLEMENTATIONS = YES;
				CLANG_WARN_DIRECT_OBJC_ISA_USAGE = YES_ERROR;
				CLANG_WARN_DOCUMENTATION_COMMENTS = YES;
				CLANG_WARN_EMPTY_BODY = YES;
				CLANG_WARN_ENUM_CONVERSION = YES;
				CLANG_WARN_INFINITE_RECURSION = YES;
				CLANG_WARN_INT_CONVERSION = YES;
				CLANG_WARN_NON_LITERAL_NULL_CONVERSION = YES;
				CLANG_WARN_OBJC_IMPLICIT_RETAIN_SELF = YES;
				CLANG_WARN_OBJC_LITERAL_CONVERSION = YES;
				CLANG_WARN_OBJC_ROOT_CLASS = YES_ERROR;
				CLANG_WARN_QUOTED_INCLUDE_IN_FRAMEWORK_HEADER = YES;
				CLANG_WARN_RANGE_LOOP_ANALYSIS = YES;
				CLANG_WARN_STRICT_PROTOTYPES = YES;
				CLANG_WARN_SUSPICIOUS_MOVE = YES;
				CLANG_WARN_UNGUARDED_AVAILABILITY = YES_AGGRESSIVE;
				CLANG_WARN_UNREACHABLE_CODE = YES;
				CLANG_WARN__DUPLICATE_METHOD_MATCH = YES;
				COPY_PHASE_STRIP = NO;
				DEBUG_INFORMATION_FORMAT = dwarf;
				ENABLE_STRICT_OBJC_MSGSEND = YES;
				ENABLE_TESTABILITY = YES;
				GCC_C_LANGUAGE_STANDARD = gnu11;
				GCC_DYNAMIC_NO_PIC = NO;
				GCC_NO_COMMON_BLOCKS = YES;
				GCC_OPTIMIZATION_LEVEL = 0;
				GCC_PREPROCESSOR_DEFINITIONS = (
					"DEBUG=1",
					"$(inherited)",
				);
				GCC_WARN_64_TO_32_BIT_CONVERSION = YES;
				GCC_WARN_ABOUT_RETURN_TYPE = YES_ERROR;
				GCC_WARN_UNDECLARED_SELECTOR = YES;
				GCC_WARN_UNINITIALIZED_AUTOS = YES_AGGRESSIVE;
				GCC_WARN_UNUSED_FUNCTION = YES;
				GCC_WARN_UNUSED_VARIABLE = YES;
				IPHONEOS_DEPLOYMENT_TARGET = 15.2;
				MTL_ENABLE_DEBUG_INFO = INCLUDE_SOURCE;
				MTL_FAST_MATH = YES;
				ONLY_ACTIVE_ARCH = YES;
				SDKROOT = iphoneos;
				SWIFT_ACTIVE_COMPILATION_CONDITIONS = DEBUG;
				SWIFT_OPTIMIZATION_LEVEL = "-Onone";
			};
			name = Debug;
		};
		D32A866127EF0FAC00003953 /* Release */ = {
			isa = XCBuildConfiguration;
			buildSettings = {
				ALWAYS_SEARCH_USER_PATHS = NO;
				CLANG_ANALYZER_NONNULL = YES;
				CLANG_ANALYZER_NUMBER_OBJECT_CONVERSION = YES_AGGRESSIVE;
				CLANG_CXX_LANGUAGE_STANDARD = "gnu++17";
				CLANG_CXX_LIBRARY = "libc++";
				CLANG_ENABLE_MODULES = YES;
				CLANG_ENABLE_OBJC_ARC = YES;
				CLANG_ENABLE_OBJC_WEAK = YES;
				CLANG_WARN_BLOCK_CAPTURE_AUTORELEASING = YES;
				CLANG_WARN_BOOL_CONVERSION = YES;
				CLANG_WARN_COMMA = YES;
				CLANG_WARN_CONSTANT_CONVERSION = YES;
				CLANG_WARN_DEPRECATED_OBJC_IMPLEMENTATIONS = YES;
				CLANG_WARN_DIRECT_OBJC_ISA_USAGE = YES_ERROR;
				CLANG_WARN_DOCUMENTATION_COMMENTS = YES;
				CLANG_WARN_EMPTY_BODY = YES;
				CLANG_WARN_ENUM_CONVERSION = YES;
				CLANG_WARN_INFINITE_RECURSION = YES;
				CLANG_WARN_INT_CONVERSION = YES;
				CLANG_WARN_NON_LITERAL_NULL_CONVERSION = YES;
				CLANG_WARN_OBJC_IMPLICIT_RETAIN_SELF = YES;
				CLANG_WARN_OBJC_LITERAL_CONVERSION = YES;
				CLANG_WARN_OBJC_ROOT_CLASS = YES_ERROR;
				CLANG_WARN_QUOTED_INCLUDE_IN_FRAMEWORK_HEADER = YES;
				CLANG_WARN_RANGE_LOOP_ANALYSIS = YES;
				CLANG_WARN_STRICT_PROTOTYPES = YES;
				CLANG_WARN_SUSPICIOUS_MOVE = YES;
				CLANG_WARN_UNGUARDED_AVAILABILITY = YES_AGGRESSIVE;
				CLANG_WARN_UNREACHABLE_CODE = YES;
				CLANG_WARN__DUPLICATE_METHOD_MATCH = YES;
				COPY_PHASE_STRIP = NO;
				DEBUG_INFORMATION_FORMAT = "dwarf-with-dsym";
				ENABLE_NS_ASSERTIONS = NO;
				ENABLE_STRICT_OBJC_MSGSEND = YES;
				GCC_C_LANGUAGE_STANDARD = gnu11;
				GCC_NO_COMMON_BLOCKS = YES;
				GCC_WARN_64_TO_32_BIT_CONVERSION = YES;
				GCC_WARN_ABOUT_RETURN_TYPE = YES_ERROR;
				GCC_WARN_UNDECLARED_SELECTOR = YES;
				GCC_WARN_UNINITIALIZED_AUTOS = YES_AGGRESSIVE;
				GCC_WARN_UNUSED_FUNCTION = YES;
				GCC_WARN_UNUSED_VARIABLE = YES;
				IPHONEOS_DEPLOYMENT_TARGET = 15.2;
				MTL_ENABLE_DEBUG_INFO = NO;
				MTL_FAST_MATH = YES;
				SDKROOT = iphoneos;
				SWIFT_COMPILATION_MODE = wholemodule;
				SWIFT_OPTIMIZATION_LEVEL = "-O";
				VALIDATE_PRODUCT = YES;
			};
			name = Release;
		};
		D32A866327EF0FAC00003953 /* Debug */ = {
			isa = XCBuildConfiguration;
			buildSettings = {
				ASSETCATALOG_COMPILER_GLOBAL_ACCENT_COLOR_NAME = AccentColor;
				ASSETCATALOG_COMPILER_INCLUDE_ALL_APPICON_ASSETS = NO;
				CODE_SIGN_STYLE = Automatic;
				CURRENT_PROJECT_VERSION = 1;
				DEVELOPMENT_TEAM = 8MHF55PVKG;
				GENERATE_INFOPLIST_FILE = YES;
				INFOPLIST_FILE = SampleCollection/Info.plist;
				INFOPLIST_KEY_UIApplicationSupportsIndirectInputEvents = YES;
				INFOPLIST_KEY_UILaunchStoryboardName = LaunchScreen;
				INFOPLIST_KEY_UIMainStoryboardFile = Main;
				INFOPLIST_KEY_UISupportedInterfaceOrientations_iPad = "UIInterfaceOrientationPortrait UIInterfaceOrientationPortraitUpsideDown UIInterfaceOrientationLandscapeLeft UIInterfaceOrientationLandscapeRight";
				INFOPLIST_KEY_UISupportedInterfaceOrientations_iPhone = "UIInterfaceOrientationPortrait UIInterfaceOrientationLandscapeLeft UIInterfaceOrientationLandscapeRight";
				LD_RUNPATH_SEARCH_PATHS = (
					"$(inherited)",
					"@executable_path/Frameworks",
				);
				MARKETING_VERSION = 1.0;
				PRODUCT_BUNDLE_IDENTIFIER = com.miyo.SampleCollection;
				PRODUCT_NAME = "$(TARGET_NAME)";
				SWIFT_EMIT_LOC_STRINGS = YES;
				SWIFT_VERSION = 5.0;
				TARGETED_DEVICE_FAMILY = "1,2";
			};
			name = Debug;
		};
		D32A866427EF0FAC00003953 /* Release */ = {
			isa = XCBuildConfiguration;
			buildSettings = {
				ASSETCATALOG_COMPILER_GLOBAL_ACCENT_COLOR_NAME = AccentColor;
				ASSETCATALOG_COMPILER_INCLUDE_ALL_APPICON_ASSETS = NO;
				CODE_SIGN_STYLE = Automatic;
				CURRENT_PROJECT_VERSION = 1;
				DEVELOPMENT_TEAM = 8MHF55PVKG;
				GENERATE_INFOPLIST_FILE = YES;
				INFOPLIST_FILE = SampleCollection/Info.plist;
				INFOPLIST_KEY_UIApplicationSupportsIndirectInputEvents = YES;
				INFOPLIST_KEY_UILaunchStoryboardName = LaunchScreen;
				INFOPLIST_KEY_UIMainStoryboardFile = Main;
				INFOPLIST_KEY_UISupportedInterfaceOrientations_iPad = "UIInterfaceOrientationPortrait UIInterfaceOrientationPortraitUpsideDown UIInterfaceOrientationLandscapeLeft UIInterfaceOrientationLandscapeRight";
				INFOPLIST_KEY_UISupportedInterfaceOrientations_iPhone = "UIInterfaceOrientationPortrait UIInterfaceOrientationLandscapeLeft UIInterfaceOrientationLandscapeRight";
				LD_RUNPATH_SEARCH_PATHS = (
					"$(inherited)",
					"@executable_path/Frameworks",
				);
				MARKETING_VERSION = 1.0;
				PRODUCT_BUNDLE_IDENTIFIER = com.miyo.SampleCollection;
				PRODUCT_NAME = "$(TARGET_NAME)";
				SWIFT_EMIT_LOC_STRINGS = YES;
				SWIFT_VERSION = 5.0;
				TARGETED_DEVICE_FAMILY = "1,2";
			};
			name = Release;
		};
/* End XCBuildConfiguration section */

/* Begin XCConfigurationList section */
		D32A864927EF0FAB00003953 /* Build configuration list for PBXProject "SampleCollection" */ = {
			isa = XCConfigurationList;
			buildConfigurations = (
				D32A866027EF0FAC00003953 /* Debug */,
				D32A866127EF0FAC00003953 /* Release */,
			);
			defaultConfigurationIsVisible = 0;
			defaultConfigurationName = Release;
		};
		D32A866227EF0FAC00003953 /* Build configuration list for PBXNativeTarget "SampleCollection" */ = {
			isa = XCConfigurationList;
			buildConfigurations = (
				D32A866327EF0FAC00003953 /* Debug */,
				D32A866427EF0FAC00003953 /* Release */,
			);
			defaultConfigurationIsVisible = 0;
			defaultConfigurationName = Release;
		};
/* End XCConfigurationList section */
	};
	rootObject = D32A864627EF0FAB00003953 /* Project object */;
}
